
Microsoft Visual Studio Solution File, Format Version 12.00
# Visual Studio Version 16
VisualStudioVersion = 16.0.31112.23
MinimumVisualStudioVersion = 10.0.40219.1
Project("{888888A0-9F3D-457C-B088-3A5042F75D52}") = "Funktsionid", "Funktsionid\Funktsionid.pyproj", "{B3AA190D-B693-45E2-8997-98211D339C31}"
EndProject
Global
	GlobalSection(SolutionConfigurationPlatforms) = preSolution
		Debug|Any CPU = Debug|Any CPU
		Release|Any CPU = Release|Any CPU
	EndGlobalSection
	GlobalSection(ProjectConfigurationPlatforms) = postSolution
		{B3AA190D-B693-45E2-8997-98211D339C31}.Debug|Any CPU.ActiveCfg = Debug|Any CPU
		{B3AA190D-B693-45E2-8997-98211D339C31}.Release|Any CPU.ActiveCfg = Release|Any CPU
	EndGlobalSection
	GlobalSection(SolutionProperties) = preSolution
		HideSolutionNode = FALSE
	EndGlobalSection
	GlobalSection(ExtensibilityGlobals) = postSolution
		SolutionGuid = {128FCC53-D97E-4F17-B816-274DA8DE3D7B}
	EndGlobalSection
EndGlobal
